
Microsoft Visual Studio Solution File, Format Version 12.00
# Visual Studio Version 17
VisualStudioVersion = 17.1.32210.238
MinimumVisualStudioVersion = 10.0.40219.1
Project("{FAE04EC0-301F-11D3-BF4B-00C04F79EFBC}") = "routing_tut", "routing_tut.csproj", "{564528B8-FF0E-479E-80AA-AD14AC26B5B9}"
EndProject
Global
	GlobalSection(SolutionConfigurationPlatforms) = preSolution
		Debug|Any CPU = Debug|Any CPU
		Release|Any CPU = Release|Any CPU
	EndGlobalSection
	GlobalSection(ProjectConfigurationPlatforms) = postSolution
		{564528B8-FF0E-479E-80AA-AD14AC26B5B9}.Debug|Any CPU.ActiveCfg = Debug|Any CPU
		{564528B8-FF0E-479E-80AA-AD14AC26B5B9}.Debug|Any CPU.Build.0 = Debug|Any CPU
		{564528B8-FF0E-479E-80AA-AD14AC26B5B9}.Release|Any CPU.ActiveCfg = Release|Any CPU
		{564528B8-FF0E-479E-80AA-AD14AC26B5B9}.Release|Any CPU.Build.0 = Release|Any CPU
	EndGlobalSection
	GlobalSection(SolutionProperties) = preSolution
		HideSolutionNode = FALSE
	EndGlobalSection
	GlobalSection(ExtensibilityGlobals) = postSolution
		SolutionGuid = {D82A9591-AE8B-47D5-978A-567C558251BD}
	EndGlobalSection
EndGlobal
